// !$*UTF8*$!
{
	archiveVersion = 1;
	classes = {
	};
	objectVersion = 56;
	objects = {

/* Begin PBXBuildFile section */
		2F5E477C2B693ACE002C3E59 /* AudioKit in Frameworks */ = {isa = PBXBuildFile; productRef = 2F5E477B2B693ACE002C3E59 /* AudioKit */; };
		2F5E477E2B693F24002C3E59 /* AudioController.swift in Sources */ = {isa = PBXBuildFile; fileRef = 2F5E477D2B693F24002C3E59 /* AudioController.swift */; };
		2F5E47802B6941D0002C3E59 /* A0.wav in Resources */ = {isa = PBXBuildFile; fileRef = 2F5E477F2B6941D0002C3E59 /* A0.wav */; };
		2F5E47842B6943AB002C3E59 /* RepeatingTimer.swift in Sources */ = {isa = PBXBuildFile; fileRef = 2F5E47832B6943AB002C3E59 /* RepeatingTimer.swift */; };
		2F9C05E62940EB0100CA5CCC /* Vision_swiftUI_BoilerApp.swift in Sources */ = {isa = PBXBuildFile; fileRef = 2F9C05E52940EB0100CA5CCC /* Vision_swiftUI_BoilerApp.swift */; };
		2F9C05E82940EB0100CA5CCC /* ContentView.swift in Sources */ = {isa = PBXBuildFile; fileRef = 2F9C05E72940EB0100CA5CCC /* ContentView.swift */; };
		2F9C05EA2940EB0200CA5CCC /* Assets.xcassets in Resources */ = {isa = PBXBuildFile; fileRef = 2F9C05E92940EB0200CA5CCC /* Assets.xcassets */; };
		2F9C05ED2940EB0200CA5CCC /* Preview Assets.xcassets in Resources */ = {isa = PBXBuildFile; fileRef = 2F9C05EC2940EB0200CA5CCC /* Preview Assets.xcassets */; };
		2F9C05F72940EB0200CA5CCC /* Vision_swiftUI_BoilerTests.swift in Sources */ = {isa = PBXBuildFile; fileRef = 2F9C05F62940EB0200CA5CCC /* Vision_swiftUI_BoilerTests.swift */; };
		2F9C06012940EB0200CA5CCC /* Vision_swiftUI_BoilerUITests.swift in Sources */ = {isa = PBXBuildFile; fileRef = 2F9C06002940EB0200CA5CCC /* Vision_swiftUI_BoilerUITests.swift */; };
		2F9C06032940EB0200CA5CCC /* Vision_swiftUI_BoilerUITestsLaunchTests.swift in Sources */ = {isa = PBXBuildFile; fileRef = 2F9C06022940EB0200CA5CCC /* Vision_swiftUI_BoilerUITestsLaunchTests.swift */; };
		2F9C06142940EB3C00CA5CCC /* AppError.swift in Sources */ = {isa = PBXBuildFile; fileRef = 2F9C06132940EB3C00CA5CCC /* AppError.swift */; };
		2F9C06152940EB3C00CA5CCC /* AppError.swift in Sources */ = {isa = PBXBuildFile; fileRef = 2F9C06132940EB3C00CA5CCC /* AppError.swift */; };
		2F9C06162940EB3C00CA5CCC /* AppError.swift in Sources */ = {isa = PBXBuildFile; fileRef = 2F9C06132940EB3C00CA5CCC /* AppError.swift */; };
		2F9C061B2940F49600CA5CCC /* CameraPreview.swift in Sources */ = {isa = PBXBuildFile; fileRef = 2F9C06182940F49600CA5CCC /* CameraPreview.swift */; };
		2F9C061C2940F49600CA5CCC /* CameraPreview.swift in Sources */ = {isa = PBXBuildFile; fileRef = 2F9C06182940F49600CA5CCC /* CameraPreview.swift */; };
		2F9C061D2940F49600CA5CCC /* CameraPreview.swift in Sources */ = {isa = PBXBuildFile; fileRef = 2F9C06182940F49600CA5CCC /* CameraPreview.swift */; };
		2F9C061E2940F49600CA5CCC /* CameraView.swift in Sources */ = {isa = PBXBuildFile; fileRef = 2F9C06192940F49600CA5CCC /* CameraView.swift */; };
		2F9C061F2940F49600CA5CCC /* CameraView.swift in Sources */ = {isa = PBXBuildFile; fileRef = 2F9C06192940F49600CA5CCC /* CameraView.swift */; };
		2F9C06202940F49600CA5CCC /* CameraView.swift in Sources */ = {isa = PBXBuildFile; fileRef = 2F9C06192940F49600CA5CCC /* CameraView.swift */; };
		2F9C06212940F49600CA5CCC /* CameraViewController.swift in Sources */ = {isa = PBXBuildFile; fileRef = 2F9C061A2940F49600CA5CCC /* CameraViewController.swift */; };
		2F9C06222940F49600CA5CCC /* CameraViewController.swift in Sources */ = {isa = PBXBuildFile; fileRef = 2F9C061A2940F49600CA5CCC /* CameraViewController.swift */; };
		2F9C06232940F49600CA5CCC /* CameraViewController.swift in Sources */ = {isa = PBXBuildFile; fileRef = 2F9C061A2940F49600CA5CCC /* CameraViewController.swift */; };
		2F9C06252943509E00CA5CCC /* PointsOverlay.swift in Sources */ = {isa = PBXBuildFile; fileRef = 2F9C06242943509E00CA5CCC /* PointsOverlay.swift */; };
		2F9C06262943509E00CA5CCC /* PointsOverlay.swift in Sources */ = {isa = PBXBuildFile; fileRef = 2F9C06242943509E00CA5CCC /* PointsOverlay.swift */; };
		2F9C06272943509E00CA5CCC /* PointsOverlay.swift in Sources */ = {isa = PBXBuildFile; fileRef = 2F9C06242943509E00CA5CCC /* PointsOverlay.swift */; };
/* End PBXBuildFile section */

/* Begin PBXContainerItemProxy section */
		2F9C05F32940EB0200CA5CCC /* PBXContainerItemProxy */ = {
			isa = PBXContainerItemProxy;
			containerPortal = 2F9C05DA2940EB0100CA5CCC /* Project object */;
			proxyType = 1;
			remoteGlobalIDString = 2F9C05E12940EB0100CA5CCC;
			remoteInfo = Vision_swiftUI_Boiler;
		};
		2F9C05FD2940EB0200CA5CCC /* PBXContainerItemProxy */ = {
			isa = PBXContainerItemProxy;
			containerPortal = 2F9C05DA2940EB0100CA5CCC /* Project object */;
			proxyType = 1;
			remoteGlobalIDString = 2F9C05E12940EB0100CA5CCC;
			remoteInfo = Vision_swiftUI_Boiler;
		};
/* End PBXContainerItemProxy section */

/* Begin PBXFileReference section */
		2F5E477D2B693F24002C3E59 /* AudioController.swift */ = {isa = PBXFileReference; lastKnownFileType = sourcecode.swift; path = AudioController.swift; sourceTree = "<group>"; };
		2F5E477F2B6941D0002C3E59 /* A0.wav */ = {isa = PBXFileReference; lastKnownFileType = audio.wav; path = A0.wav; sourceTree = "<group>"; };
		2F5E47832B6943AB002C3E59 /* RepeatingTimer.swift */ = {isa = PBXFileReference; fileEncoding = 4; lastKnownFileType = sourcecode.swift; path = RepeatingTimer.swift; sourceTree = "<group>"; };
		2F9C05E22940EB0100CA5CCC /* Vision_swiftUI_Boiler.app */ = {isa = PBXFileReference; explicitFileType = wrapper.application; includeInIndex = 0; path = Vision_swiftUI_Boiler.app; sourceTree = BUILT_PRODUCTS_DIR; };
		2F9C05E52940EB0100CA5CCC /* Vision_swiftUI_BoilerApp.swift */ = {isa = PBXFileReference; lastKnownFileType = sourcecode.swift; path = Vision_swiftUI_BoilerApp.swift; sourceTree = "<group>"; };
		2F9C05E72940EB0100CA5CCC /* ContentView.swift */ = {isa = PBXFileReference; lastKnownFileType = sourcecode.swift; path = ContentView.swift; sourceTree = "<group>"; };
		2F9C05E92940EB0200CA5CCC /* Assets.xcassets */ = {isa = PBXFileReference; lastKnownFileType = folder.assetcatalog; path = Assets.xcassets; sourceTree = "<group>"; };
		2F9C05EC2940EB0200CA5CCC /* Preview Assets.xcassets */ = {isa = PBXFileReference; lastKnownFileType = folder.assetcatalog; path = "Preview Assets.xcassets"; sourceTree = "<group>"; };
		2F9C05F22940EB0200CA5CCC /* Vision_swiftUI_BoilerTests.xctest */ = {isa = PBXFileReference; explicitFileType = wrapper.cfbundle; includeInIndex = 0; path = Vision_swiftUI_BoilerTests.xctest; sourceTree = BUILT_PRODUCTS_DIR; };
		2F9C05F62940EB0200CA5CCC /* Vision_swiftUI_BoilerTests.swift */ = {isa = PBXFileReference; lastKnownFileType = sourcecode.swift; path = Vision_swiftUI_BoilerTests.swift; sourceTree = "<group>"; };
		2F9C05FC2940EB0200CA5CCC /* Vision_swiftUI_BoilerUITests.xctest */ = {isa = PBXFileReference; explicitFileType = wrapper.cfbundle; includeInIndex = 0; path = Vision_swiftUI_BoilerUITests.xctest; sourceTree = BUILT_PRODUCTS_DIR; };
		2F9C06002940EB0200CA5CCC /* Vision_swiftUI_BoilerUITests.swift */ = {isa = PBXFileReference; lastKnownFileType = sourcecode.swift; path = Vision_swiftUI_BoilerUITests.swift; sourceTree = "<group>"; };
		2F9C06022940EB0200CA5CCC /* Vision_swiftUI_BoilerUITestsLaunchTests.swift */ = {isa = PBXFileReference; lastKnownFileType = sourcecode.swift; path = Vision_swiftUI_BoilerUITestsLaunchTests.swift; sourceTree = "<group>"; };
		2F9C06132940EB3C00CA5CCC /* AppError.swift */ = {isa = PBXFileReference; fileEncoding = 4; lastKnownFileType = sourcecode.swift; path = AppError.swift; sourceTree = "<group>"; };
		2F9C06182940F49600CA5CCC /* CameraPreview.swift */ = {isa = PBXFileReference; fileEncoding = 4; lastKnownFileType = sourcecode.swift; path = CameraPreview.swift; sourceTree = "<group>"; };
		2F9C06192940F49600CA5CCC /* CameraView.swift */ = {isa = PBXFileReference; fileEncoding = 4; lastKnownFileType = sourcecode.swift; path = CameraView.swift; sourceTree = "<group>"; };
		2F9C061A2940F49600CA5CCC /* CameraViewController.swift */ = {isa = PBXFileReference; fileEncoding = 4; lastKnownFileType = sourcecode.swift; path = CameraViewController.swift; sourceTree = "<group>"; };
		2F9C06242943509E00CA5CCC /* PointsOverlay.swift */ = {isa = PBXFileReference; fileEncoding = 4; lastKnownFileType = sourcecode.swift; path = PointsOverlay.swift; sourceTree = "<group>"; };
		2FB9101D2965C5480062DEA4 /* Vision_swiftUI_Boiler.entitlements */ = {isa = PBXFileReference; lastKnownFileType = text.plist.entitlements; path = Vision_swiftUI_Boiler.entitlements; sourceTree = "<group>"; };
/* End PBXFileReference section */

/* Begin PBXFrameworksBuildPhase section */
		2F9C05DF2940EB0100CA5CCC /* Frameworks */ = {
			isa = PBXFrameworksBuildPhase;
			buildActionMask = 2147483647;
			files = (
				2F5E477C2B693ACE002C3E59 /* AudioKit in Frameworks */,
			);
			runOnlyForDeploymentPostprocessing = 0;
		};
		2F9C05EF2940EB0200CA5CCC /* Frameworks */ = {
			isa = PBXFrameworksBuildPhase;
			buildActionMask = 2147483647;
			files = (
			);
			runOnlyForDeploymentPostprocessing = 0;
		};
		2F9C05F92940EB0200CA5CCC /* Frameworks */ = {
			isa = PBXFrameworksBuildPhase;
			buildActionMask = 2147483647;
			files = (
			);
			runOnlyForDeploymentPostprocessing = 0;
		};
/* End PBXFrameworksBuildPhase section */

/* Begin PBXGroup section */
		2F9C05D92940EB0100CA5CCC = {
			isa = PBXGroup;
			children = (
				2F9C05E42940EB0100CA5CCC /* Vision_swiftUI_Boiler */,
				2F9C05F52940EB0200CA5CCC /* Vision_swiftUI_BoilerTests */,
				2F9C05FF2940EB0200CA5CCC /* Vision_swiftUI_BoilerUITests */,
				2F9C05E32940EB0100CA5CCC /* Products */,
			);
			sourceTree = "<group>";
		};
		2F9C05E32940EB0100CA5CCC /* Products */ = {
			isa = PBXGroup;
			children = (
				2F9C05E22940EB0100CA5CCC /* Vision_swiftUI_Boiler.app */,
				2F9C05F22940EB0200CA5CCC /* Vision_swiftUI_BoilerTests.xctest */,
				2F9C05FC2940EB0200CA5CCC /* Vision_swiftUI_BoilerUITests.xctest */,
			);
			name = Products;
			sourceTree = "<group>";
		};
		2F9C05E42940EB0100CA5CCC /* Vision_swiftUI_Boiler */ = {
			isa = PBXGroup;
			children = (
				2FB9101D2965C5480062DEA4 /* Vision_swiftUI_Boiler.entitlements */,
				2F9C06172940F47300CA5CCC /* CameraView */,
				2F9C05E52940EB0100CA5CCC /* Vision_swiftUI_BoilerApp.swift */,
				2F5E477D2B693F24002C3E59 /* AudioController.swift */,
				2F9C05E72940EB0100CA5CCC /* ContentView.swift */,
				2F9C06242943509E00CA5CCC /* PointsOverlay.swift */,
				2F5E47832B6943AB002C3E59 /* RepeatingTimer.swift */,
				2F9C05E92940EB0200CA5CCC /* Assets.xcassets */,
				2F5E477F2B6941D0002C3E59 /* A0.wav */,
				2F9C06132940EB3C00CA5CCC /* AppError.swift */,
				2F9C05EB2940EB0200CA5CCC /* Preview Content */,
			);
			path = Vision_swiftUI_Boiler;
			sourceTree = "<group>";
		};
		2F9C05EB2940EB0200CA5CCC /* Preview Content */ = {
			isa = PBXGroup;
			children = (
				2F9C05EC2940EB0200CA5CCC /* Preview Assets.xcassets */,
			);
			path = "Preview Content";
			sourceTree = "<group>";
		};
		2F9C05F52940EB0200CA5CCC /* Vision_swiftUI_BoilerTests */ = {
			isa = PBXGroup;
			children = (
				2F9C05F62940EB0200CA5CCC /* Vision_swiftUI_BoilerTests.swift */,
			);
			path = Vision_swiftUI_BoilerTests;
			sourceTree = "<group>";
		};
		2F9C05FF2940EB0200CA5CCC /* Vision_swiftUI_BoilerUITests */ = {
			isa = PBXGroup;
			children = (
				2F9C06002940EB0200CA5CCC /* Vision_swiftUI_BoilerUITests.swift */,
				2F9C06022940EB0200CA5CCC /* Vision_swiftUI_BoilerUITestsLaunchTests.swift */,
			);
			path = Vision_swiftUI_BoilerUITests;
			sourceTree = "<group>";
		};
		2F9C06172940F47300CA5CCC /* CameraView */ = {
			isa = PBXGroup;
			children = (
				2F9C06182940F49600CA5CCC /* CameraPreview.swift */,
				2F9C06192940F49600CA5CCC /* CameraView.swift */,
				2F9C061A2940F49600CA5CCC /* CameraViewController.swift */,
			);
			path = CameraView;
			sourceTree = "<group>";
		};
/* End PBXGroup section */

/* Begin PBXNativeTarget section */
		2F9C05E12940EB0100CA5CCC /* Vision_swiftUI_Boiler */ = {
			isa = PBXNativeTarget;
			buildConfigurationList = 2F9C06062940EB0200CA5CCC /* Build configuration list for PBXNativeTarget "Vision_swiftUI_Boiler" */;
			buildPhases = (
				2F9C05DE2940EB0100CA5CCC /* Sources */,
				2F9C05DF2940EB0100CA5CCC /* Frameworks */,
				2F9C05E02940EB0100CA5CCC /* Resources */,
			);
			buildRules = (
			);
			dependencies = (
			);
			name = Vision_swiftUI_Boiler;
			packageProductDependencies = (
				2F5E477B2B693ACE002C3E59 /* AudioKit */,
			);
			productName = Vision_swiftUI_Boiler;
			productReference = 2F9C05E22940EB0100CA5CCC /* Vision_swiftUI_Boiler.app */;
			productType = "com.apple.product-type.application";
		};
		2F9C05F12940EB0200CA5CCC /* Vision_swiftUI_BoilerTests */ = {
			isa = PBXNativeTarget;
			buildConfigurationList = 2F9C06092940EB0200CA5CCC /* Build configuration list for PBXNativeTarget "Vision_swiftUI_BoilerTests" */;
			buildPhases = (
				2F9C05EE2940EB0200CA5CCC /* Sources */,
				2F9C05EF2940EB0200CA5CCC /* Frameworks */,
				2F9C05F02940EB0200CA5CCC /* Resources */,
			);
			buildRules = (
			);
			dependencies = (
				2F9C05F42940EB0200CA5CCC /* PBXTargetDependency */,
			);
			name = Vision_swiftUI_BoilerTests;
			productName = Vision_swiftUI_BoilerTests;
			productReference = 2F9C05F22940EB0200CA5CCC /* Vision_swiftUI_BoilerTests.xctest */;
			productType = "com.apple.product-type.bundle.unit-test";
		};
		2F9C05FB2940EB0200CA5CCC /* Vision_swiftUI_BoilerUITests */ = {
			isa = PBXNativeTarget;
			buildConfigurationList = 2F9C060C2940EB0200CA5CCC /* Build configuration list for PBXNativeTarget "Vision_swiftUI_BoilerUITests" */;
			buildPhases = (
				2F9C05F82940EB0200CA5CCC /* Sources */,
				2F9C05F92940EB0200CA5CCC /* Frameworks */,
				2F9C05FA2940EB0200CA5CCC /* Resources */,
			);
			buildRules = (
			);
			dependencies = (
				2F9C05FE2940EB0200CA5CCC /* PBXTargetDependency */,
			);
			name = Vision_swiftUI_BoilerUITests;
			productName = Vision_swiftUI_BoilerUITests;
			productReference = 2F9C05FC2940EB0200CA5CCC /* Vision_swiftUI_BoilerUITests.xctest */;
			productType = "com.apple.product-type.bundle.ui-testing";
		};
/* End PBXNativeTarget section */

/* Begin PBXProject section */
		2F9C05DA2940EB0100CA5CCC /* Project object */ = {
			isa = PBXProject;
			attributes = {
				BuildIndependentTargetsInParallel = 1;
				LastSwiftUpdateCheck = 1400;
				LastUpgradeCheck = 1520;
				TargetAttributes = {
					2F9C05E12940EB0100CA5CCC = {
						CreatedOnToolsVersion = 14.0.1;
					};
					2F9C05F12940EB0200CA5CCC = {
						CreatedOnToolsVersion = 14.0.1;
						TestTargetID = 2F9C05E12940EB0100CA5CCC;
					};
					2F9C05FB2940EB0200CA5CCC = {
						CreatedOnToolsVersion = 14.0.1;
						TestTargetID = 2F9C05E12940EB0100CA5CCC;
					};
				};
			};
			buildConfigurationList = 2F9C05DD2940EB0100CA5CCC /* Build configuration list for PBXProject "Vision_swiftUI_Boiler" */;
			compatibilityVersion = "Xcode 14.0";
			developmentRegion = en;
			hasScannedForEncodings = 0;
			knownRegions = (
				en,
				Base,
			);
			mainGroup = 2F9C05D92940EB0100CA5CCC;
			packageReferences = (
				2F5E477A2B693ACE002C3E59 /* XCRemoteSwiftPackageReference "AudioKit" */,
			);
			productRefGroup = 2F9C05E32940EB0100CA5CCC /* Products */;
			projectDirPath = "";
			projectRoot = "";
			targets = (
				2F9C05E12940EB0100CA5CCC /* Vision_swiftUI_Boiler */,
				2F9C05F12940EB0200CA5CCC /* Vision_swiftUI_BoilerTests */,
				2F9C05FB2940EB0200CA5CCC /* Vision_swiftUI_BoilerUITests */,
			);
		};
/* End PBXProject section */

/* Begin PBXResourcesBuildPhase section */
		2F9C05E02940EB0100CA5CCC /* Resources */ = {
			isa = PBXResourcesBuildPhase;
			buildActionMask = 2147483647;
			files = (
				2F9C05ED2940EB0200CA5CCC /* Preview Assets.xcassets in Resources */,
				2F5E47802B6941D0002C3E59 /* A0.wav in Resources */,
				2F9C05EA2940EB0200CA5CCC /* Assets.xcassets in Resources */,
			);
			runOnlyForDeploymentPostprocessing = 0;
		};
		2F9C05F02940EB0200CA5CCC /* Resources */ = {
			isa = PBXResourcesBuildPhase;
			buildActionMask = 2147483647;
			files = (
			);
			runOnlyForDeploymentPostprocessing = 0;
		};
		2F9C05FA2940EB0200CA5CCC /* Resources */ = {
			isa = PBXResourcesBuildPhase;
			buildActionMask = 2147483647;
			files = (
			);
			runOnlyForDeploymentPostprocessing = 0;
		};
/* End PBXResourcesBuildPhase section */

/* Begin PBXSourcesBuildPhase section */
		2F9C05DE2940EB0100CA5CCC /* Sources */ = {
			isa = PBXSourcesBuildPhase;
			buildActionMask = 2147483647;
			files = (
				2F9C05E82940EB0100CA5CCC /* ContentView.swift in Sources */,
				2F9C061B2940F49600CA5CCC /* CameraPreview.swift in Sources */,
				2F9C05E62940EB0100CA5CCC /* Vision_swiftUI_BoilerApp.swift in Sources */,
				2F9C061E2940F49600CA5CCC /* CameraView.swift in Sources */,
				2F5E47842B6943AB002C3E59 /* RepeatingTimer.swift in Sources */,
				2F9C06142940EB3C00CA5CCC /* AppError.swift in Sources */,
				2F9C06212940F49600CA5CCC /* CameraViewController.swift in Sources */,
				2F5E477E2B693F24002C3E59 /* AudioController.swift in Sources */,
				2F9C06252943509E00CA5CCC /* PointsOverlay.swift in Sources */,
			);
			runOnlyForDeploymentPostprocessing = 0;
		};
		2F9C05EE2940EB0200CA5CCC /* Sources */ = {
			isa = PBXSourcesBuildPhase;
			buildActionMask = 2147483647;
			files = (
				2F9C061C2940F49600CA5CCC /* CameraPreview.swift in Sources */,
				2F9C06262943509E00CA5CCC /* PointsOverlay.swift in Sources */,
				2F9C06222940F49600CA5CCC /* CameraViewController.swift in Sources */,
				2F9C06152940EB3C00CA5CCC /* AppError.swift in Sources */,
				2F9C05F72940EB0200CA5CCC /* Vision_swiftUI_BoilerTests.swift in Sources */,
				2F9C061F2940F49600CA5CCC /* CameraView.swift in Sources */,
			);
			runOnlyForDeploymentPostprocessing = 0;
		};
		2F9C05F82940EB0200CA5CCC /* Sources */ = {
			isa = PBXSourcesBuildPhase;
			buildActionMask = 2147483647;
			files = (
				2F9C06012940EB0200CA5CCC /* Vision_swiftUI_BoilerUITests.swift in Sources */,
				2F9C061D2940F49600CA5CCC /* CameraPreview.swift in Sources */,
				2F9C06032940EB0200CA5CCC /* Vision_swiftUI_BoilerUITestsLaunchTests.swift in Sources */,
				2F9C06202940F49600CA5CCC /* CameraView.swift in Sources */,
				2F9C06162940EB3C00CA5CCC /* AppError.swift in Sources */,
				2F9C06232940F49600CA5CCC /* CameraViewController.swift in Sources */,
				2F9C06272943509E00CA5CCC /* PointsOverlay.swift in Sources */,
			);
			runOnlyForDeploymentPostprocessing = 0;
		};
/* End PBXSourcesBuildPhase section */

/* Begin PBXTargetDependency section */
		2F9C05F42940EB0200CA5CCC /* PBXTargetDependency */ = {
			isa = PBXTargetDependency;
			target = 2F9C05E12940EB0100CA5CCC /* Vision_swiftUI_Boiler */;
			targetProxy = 2F9C05F32940EB0200CA5CCC /* PBXContainerItemProxy */;
		};
		2F9C05FE2940EB0200CA5CCC /* PBXTargetDependency */ = {
			isa = PBXTargetDependency;
			target = 2F9C05E12940EB0100CA5CCC /* Vision_swiftUI_Boiler */;
			targetProxy = 2F9C05FD2940EB0200CA5CCC /* PBXContainerItemProxy */;
		};
/* End PBXTargetDependency section */

/* Begin XCBuildConfiguration section */
		2F9C06042940EB0200CA5CCC /* Debug */ = {
			isa = XCBuildConfiguration;
			buildSettings = {
				ALWAYS_SEARCH_USER_PATHS = NO;
				ASSETCATALOG_COMPILER_GENERATE_SWIFT_ASSET_SYMBOL_EXTENSIONS = YES;
				CLANG_ANALYZER_NONNULL = YES;
				CLANG_ANALYZER_NUMBER_OBJECT_CONVERSION = YES_AGGRESSIVE;
				CLANG_CXX_LANGUAGE_STANDARD = "gnu++20";
				CLANG_ENABLE_MODULES = YES;
				CLANG_ENABLE_OBJC_ARC = YES;
				CLANG_ENABLE_OBJC_WEAK = YES;
				CLANG_WARN_BLOCK_CAPTURE_AUTORELEASING = YES;
				CLANG_WARN_BOOL_CONVERSION = YES;
				CLANG_WARN_COMMA = YES;
				CLANG_WARN_CONSTANT_CONVERSION = YES;
				CLANG_WARN_DEPRECATED_OBJC_IMPLEMENTATIONS = YES;
				CLANG_WARN_DIRECT_OBJC_ISA_USAGE = YES_ERROR;
				CLANG_WARN_DOCUMENTATION_COMMENTS = YES;
				CLANG_WARN_EMPTY_BODY = YES;
				CLANG_WARN_ENUM_CONVERSION = YES;
				CLANG_WARN_INFINITE_RECURSION = YES;
				CLANG_WARN_INT_CONVERSION = YES;
				CLANG_WARN_NON_LITERAL_NULL_CONVERSION = YES;
				CLANG_WARN_OBJC_IMPLICIT_RETAIN_SELF = YES;
				CLANG_WARN_OBJC_LITERAL_CONVERSION = YES;
				CLANG_WARN_OBJC_ROOT_CLASS = YES_ERROR;
				CLANG_WARN_QUOTED_INCLUDE_IN_FRAMEWORK_HEADER = YES;
				CLANG_WARN_RANGE_LOOP_ANALYSIS = YES;
				CLANG_WARN_STRICT_PROTOTYPES = YES;
				CLANG_WARN_SUSPICIOUS_MOVE = YES;
				CLANG_WARN_UNGUARDED_AVAILABILITY = YES_AGGRESSIVE;
				CLANG_WARN_UNREACHABLE_CODE = YES;
				CLANG_WARN__DUPLICATE_METHOD_MATCH = YES;
				COPY_PHASE_STRIP = NO;
				DEBUG_INFORMATION_FORMAT = dwarf;
				ENABLE_STRICT_OBJC_MSGSEND = YES;
				ENABLE_TESTABILITY = YES;
				ENABLE_USER_SCRIPT_SANDBOXING = YES;
				GCC_C_LANGUAGE_STANDARD = gnu11;
				GCC_DYNAMIC_NO_PIC = NO;
				GCC_NO_COMMON_BLOCKS = YES;
				GCC_OPTIMIZATION_LEVEL = 0;
				GCC_PREPROCESSOR_DEFINITIONS = (
					"DEBUG=1",
					"$(inherited)",
				);
				GCC_WARN_64_TO_32_BIT_CONVERSION = YES;
				GCC_WARN_ABOUT_RETURN_TYPE = YES_ERROR;
				GCC_WARN_UNDECLARED_SELECTOR = YES;
				GCC_WARN_UNINITIALIZED_AUTOS = YES_AGGRESSIVE;
				GCC_WARN_UNUSED_FUNCTION = YES;
				GCC_WARN_UNUSED_VARIABLE = YES;
				IPHONEOS_DEPLOYMENT_TARGET = 16.0;
				MTL_ENABLE_DEBUG_INFO = INCLUDE_SOURCE;
				MTL_FAST_MATH = YES;
				ONLY_ACTIVE_ARCH = YES;
				SDKROOT = iphoneos;
				SWIFT_ACTIVE_COMPILATION_CONDITIONS = DEBUG;
				SWIFT_OPTIMIZATION_LEVEL = "-Onone";
			};
			name = Debug;
		};
		2F9C06052940EB0200CA5CCC /* Release */ = {
			isa = XCBuildConfiguration;
			buildSettings = {
				ALWAYS_SEARCH_USER_PATHS = NO;
				ASSETCATALOG_COMPILER_GENERATE_SWIFT_ASSET_SYMBOL_EXTENSIONS = YES;
				CLANG_ANALYZER_NONNULL = YES;
				CLANG_ANALYZER_NUMBER_OBJECT_CONVERSION = YES_AGGRESSIVE;
				CLANG_CXX_LANGUAGE_STANDARD = "gnu++20";
				CLANG_ENABLE_MODULES = YES;
				CLANG_ENABLE_OBJC_ARC = YES;
				CLANG_ENABLE_OBJC_WEAK = YES;
				CLANG_WARN_BLOCK_CAPTURE_AUTORELEASING = YES;
				CLANG_WARN_BOOL_CONVERSION = YES;
				CLANG_WARN_COMMA = YES;
				CLANG_WARN_CONSTANT_CONVERSION = YES;
				CLANG_WARN_DEPRECATED_OBJC_IMPLEMENTATIONS = YES;
				CLANG_WARN_DIRECT_OBJC_ISA_USAGE = YES_ERROR;
				CLANG_WARN_DOCUMENTATION_COMMENTS = YES;
				CLANG_WARN_EMPTY_BODY = YES;
				CLANG_WARN_ENUM_CONVERSION = YES;
				CLANG_WARN_INFINITE_RECURSION = YES;
				CLANG_WARN_INT_CONVERSION = YES;
				CLANG_WARN_NON_LITERAL_NULL_CONVERSION = YES;
				CLANG_WARN_OBJC_IMPLICIT_RETAIN_SELF = YES;
				CLANG_WARN_OBJC_LITERAL_CONVERSION = YES;
				CLANG_WARN_OBJC_ROOT_CLASS = YES_ERROR;
				CLANG_WARN_QUOTED_INCLUDE_IN_FRAMEWORK_HEADER = YES;
				CLANG_WARN_RANGE_LOOP_ANALYSIS = YES;
				CLANG_WARN_STRICT_PROTOTYPES = YES;
				CLANG_WARN_SUSPICIOUS_MOVE = YES;
				CLANG_WARN_UNGUARDED_AVAILABILITY = YES_AGGRESSIVE;
				CLANG_WARN_UNREACHABLE_CODE = YES;
				CLANG_WARN__DUPLICATE_METHOD_MATCH = YES;
				COPY_PHASE_STRIP = NO;
				DEBUG_INFORMATION_FORMAT = "dwarf-with-dsym";
				ENABLE_NS_ASSERTIONS = NO;
				ENABLE_STRICT_OBJC_MSGSEND = YES;
				ENABLE_USER_SCRIPT_SANDBOXING = YES;
				GCC_C_LANGUAGE_STANDARD = gnu11;
				GCC_NO_COMMON_BLOCKS = YES;
				GCC_WARN_64_TO_32_BIT_CONVERSION = YES;
				GCC_WARN_ABOUT_RETURN_TYPE = YES_ERROR;
				GCC_WARN_UNDECLARED_SELECTOR = YES;
				GCC_WARN_UNINITIALIZED_AUTOS = YES_AGGRESSIVE;
				GCC_WARN_UNUSED_FUNCTION = YES;
				GCC_WARN_UNUSED_VARIABLE = YES;
				IPHONEOS_DEPLOYMENT_TARGET = 16.0;
				MTL_ENABLE_DEBUG_INFO = NO;
				MTL_FAST_MATH = YES;
				SDKROOT = iphoneos;
				SWIFT_COMPILATION_MODE = wholemodule;
				SWIFT_OPTIMIZATION_LEVEL = "-O";
				VALIDATE_PRODUCT = YES;
			};
			name = Release;
		};
		2F9C06072940EB0200CA5CCC /* Debug */ = {
			isa = XCBuildConfiguration;
			buildSettings = {
				ASSETCATALOG_COMPILER_APPICON_NAME = AppIcon;
				ASSETCATALOG_COMPILER_GLOBAL_ACCENT_COLOR_NAME = AccentColor;
				CODE_SIGN_ENTITLEMENTS = Vision_swiftUI_Boiler/Vision_swiftUI_Boiler.entitlements;
				CODE_SIGN_STYLE = Automatic;
				CURRENT_PROJECT_VERSION = 1;
				DEVELOPMENT_ASSET_PATHS = "\"Vision_swiftUI_Boiler/Preview Content\"";
				DEVELOPMENT_TEAM = 4NY9EY68HK;
				ENABLE_PREVIEWS = YES;
				GENERATE_INFOPLIST_FILE = YES;
				INFOPLIST_KEY_NSCameraUsageDescription = "Camera use please";
				INFOPLIST_KEY_UIApplicationSceneManifest_Generation = YES;
				INFOPLIST_KEY_UIApplicationSupportsIndirectInputEvents = YES;
				INFOPLIST_KEY_UILaunchScreen_Generation = YES;
				INFOPLIST_KEY_UISupportedInterfaceOrientations_iPad = UIInterfaceOrientationLandscapeLeft;
				LD_RUNPATH_SEARCH_PATHS = (
					"$(inherited)",
					"@executable_path/Frameworks",
				);
				MARKETING_VERSION = 1.0;
				PRODUCT_BUNDLE_IDENTIFIER = "com.boilerPlater.Vision-swiftUI-Boiler";
				PRODUCT_NAME = "$(TARGET_NAME)";
				SUPPORTED_PLATFORMS = "iphoneos iphonesimulator";
				SUPPORTS_MACCATALYST = YES;
				SUPPORTS_MAC_DESIGNED_FOR_IPHONE_IPAD = YES;
				SWIFT_EMIT_LOC_STRINGS = YES;
				SWIFT_VERSION = 5.0;
				TARGETED_DEVICE_FAMILY = "1,2";
			};
			name = Debug;
		};
		2F9C06082940EB0200CA5CCC /* Release */ = {
			isa = XCBuildConfiguration;
			buildSettings = {
				ASSETCATALOG_COMPILER_APPICON_NAME = AppIcon;
				ASSETCATALOG_COMPILER_GLOBAL_ACCENT_COLOR_NAME = AccentColor;
				CODE_SIGN_ENTITLEMENTS = Vision_swiftUI_Boiler/Vision_swiftUI_Boiler.entitlements;
				CODE_SIGN_STYLE = Automatic;
				CURRENT_PROJECT_VERSION = 1;
				DEVELOPMENT_ASSET_PATHS = "\"Vision_swiftUI_Boiler/Preview Content\"";
				DEVELOPMENT_TEAM = 4NY9EY68HK;
				ENABLE_PREVIEWS = YES;
				GENERATE_INFOPLIST_FILE = YES;
				INFOPLIST_KEY_NSCameraUsageDescription = "Camera use please";
				INFOPLIST_KEY_UIApplicationSceneManifest_Generation = YES;
				INFOPLIST_KEY_UIApplicationSupportsIndirectInputEvents = YES;
				INFOPLIST_KEY_UILaunchScreen_Generation = YES;
				INFOPLIST_KEY_UISupportedInterfaceOrientations_iPad = UIInterfaceOrientationLandscapeLeft;
				LD_RUNPATH_SEARCH_PATHS = (
					"$(inherited)",
					"@executable_path/Frameworks",
				);
				MARKETING_VERSION = 1.0;
				PRODUCT_BUNDLE_IDENTIFIER = "com.boilerPlater.Vision-swiftUI-Boiler";
				PRODUCT_NAME = "$(TARGET_NAME)";
				SUPPORTED_PLATFORMS = "iphoneos iphonesimulator";
				SUPPORTS_MACCATALYST = YES;
				SUPPORTS_MAC_DESIGNED_FOR_IPHONE_IPAD = YES;
				SWIFT_EMIT_LOC_STRINGS = YES;
				SWIFT_VERSION = 5.0;
				TARGETED_DEVICE_FAMILY = "1,2";
			};
			name = Release;
		};
		2F9C060A2940EB0200CA5CCC /* Debug */ = {
			isa = XCBuildConfiguration;
			buildSettings = {
				ALWAYS_EMBED_SWIFT_STANDARD_LIBRARIES = YES;
				BUNDLE_LOADER = "$(TEST_HOST)";
				CODE_SIGN_STYLE = Automatic;
				CURRENT_PROJECT_VERSION = 1;
				DEVELOPMENT_TEAM = 4NY9EY68HK;
				GENERATE_INFOPLIST_FILE = YES;
				IPHONEOS_DEPLOYMENT_TARGET = 16.0;
				MARKETING_VERSION = 1.0;
				PRODUCT_BUNDLE_IDENTIFIER = "com.boilerPlater.Vision-swiftUI-BoilerTests";
				PRODUCT_NAME = "$(TARGET_NAME)";
				SWIFT_EMIT_LOC_STRINGS = NO;
				SWIFT_VERSION = 5.0;
				TARGETED_DEVICE_FAMILY = "1,2";
				TEST_HOST = "$(BUILT_PRODUCTS_DIR)/Vision_swiftUI_Boiler.app/$(BUNDLE_EXECUTABLE_FOLDER_PATH)/Vision_swiftUI_Boiler";
			};
			name = Debug;
		};
		2F9C060B2940EB0200CA5CCC /* Release */ = {
			isa = XCBuildConfiguration;
			buildSettings = {
				ALWAYS_EMBED_SWIFT_STANDARD_LIBRARIES = YES;
				BUNDLE_LOADER = "$(TEST_HOST)";
				CODE_SIGN_STYLE = Automatic;
				CURRENT_PROJECT_VERSION = 1;
				DEVELOPMENT_TEAM = 4NY9EY68HK;
				GENERATE_INFOPLIST_FILE = YES;
				IPHONEOS_DEPLOYMENT_TARGET = 16.0;
				MARKETING_VERSION = 1.0;
				PRODUCT_BUNDLE_IDENTIFIER = "com.boilerPlater.Vision-swiftUI-BoilerTests";
				PRODUCT_NAME = "$(TARGET_NAME)";
				SWIFT_EMIT_LOC_STRINGS = NO;
				SWIFT_VERSION = 5.0;
				TARGETED_DEVICE_FAMILY = "1,2";
				TEST_HOST = "$(BUILT_PRODUCTS_DIR)/Vision_swiftUI_Boiler.app/$(BUNDLE_EXECUTABLE_FOLDER_PATH)/Vision_swiftUI_Boiler";
			};
			name = Release;
		};
		2F9C060D2940EB0200CA5CCC /* Debug */ = {
			isa = XCBuildConfiguration;
			buildSettings = {
				ALWAYS_EMBED_SWIFT_STANDARD_LIBRARIES = YES;
				CODE_SIGN_STYLE = Automatic;
				CURRENT_PROJECT_VERSION = 1;
				DEVELOPMENT_TEAM = 4NY9EY68HK;
				GENERATE_INFOPLIST_FILE = YES;
				MARKETING_VERSION = 1.0;
				PRODUCT_BUNDLE_IDENTIFIER = "com.boilerPlater.Vision-swiftUI-BoilerUITests";
				PRODUCT_NAME = "$(TARGET_NAME)";
				SWIFT_EMIT_LOC_STRINGS = NO;
				SWIFT_VERSION = 5.0;
				TARGETED_DEVICE_FAMILY = "1,2";
				TEST_TARGET_NAME = Vision_swiftUI_Boiler;
			};
			name = Debug;
		};
		2F9C060E2940EB0200CA5CCC /* Release */ = {
			isa = XCBuildConfiguration;
			buildSettings = {
				ALWAYS_EMBED_SWIFT_STANDARD_LIBRARIES = YES;
				CODE_SIGN_STYLE = Automatic;
				CURRENT_PROJECT_VERSION = 1;
				DEVELOPMENT_TEAM = 4NY9EY68HK;
				GENERATE_INFOPLIST_FILE = YES;
				MARKETING_VERSION = 1.0;
				PRODUCT_BUNDLE_IDENTIFIER = "com.boilerPlater.Vision-swiftUI-BoilerUITests";
				PRODUCT_NAME = "$(TARGET_NAME)";
				SWIFT_EMIT_LOC_STRINGS = NO;
				SWIFT_VERSION = 5.0;
				TARGETED_DEVICE_FAMILY = "1,2";
				TEST_TARGET_NAME = Vision_swiftUI_Boiler;
			};
			name = Release;
		};
/* End XCBuildConfiguration section */

/* Begin XCConfigurationList section */
		2F9C05DD2940EB0100CA5CCC /* Build configuration list for PBXProject "Vision_swiftUI_Boiler" */ = {
			isa = XCConfigurationList;
			buildConfigurations = (
				2F9C06042940EB0200CA5CCC /* Debug */,
				2F9C06052940EB0200CA5CCC /* Release */,
			);
			defaultConfigurationIsVisible = 0;
			defaultConfigurationName = Release;
		};
		2F9C06062940EB0200CA5CCC /* Build configuration list for PBXNativeTarget "Vision_swiftUI_Boiler" */ = {
			isa = XCConfigurationList;
			buildConfigurations = (
				2F9C06072940EB0200CA5CCC /* Debug */,
				2F9C06082940EB0200CA5CCC /* Release */,
			);
			defaultConfigurationIsVisible = 0;
			defaultConfigurationName = Release;
		};
		2F9C06092940EB0200CA5CCC /* Build configuration list for PBXNativeTarget "Vision_swiftUI_BoilerTests" */ = {
			isa = XCConfigurationList;
			buildConfigurations = (
				2F9C060A2940EB0200CA5CCC /* Debug */,
				2F9C060B2940EB0200CA5CCC /* Release */,
			);
			defaultConfigurationIsVisible = 0;
			defaultConfigurationName = Release;
		};
		2F9C060C2940EB0200CA5CCC /* Build configuration list for PBXNativeTarget "Vision_swiftUI_BoilerUITests" */ = {
			isa = XCConfigurationList;
			buildConfigurations = (
				2F9C060D2940EB0200CA5CCC /* Debug */,
				2F9C060E2940EB0200CA5CCC /* Release */,
			);
			defaultConfigurationIsVisible = 0;
			defaultConfigurationName = Release;
		};
/* End XCConfigurationList section */

/* Begin XCRemoteSwiftPackageReference section */
		2F5E477A2B693ACE002C3E59 /* XCRemoteSwiftPackageReference "AudioKit" */ = {
			isa = XCRemoteSwiftPackageReference;
			repositoryURL = "https://github.com/AudioKit/AudioKit.git";
			requirement = {
				kind = upToNextMajorVersion;
				minimumVersion = 5.6.3;
			};
		};
/* End XCRemoteSwiftPackageReference section */

/* Begin XCSwiftPackageProductDependency section */
		2F5E477B2B693ACE002C3E59 /* AudioKit */ = {
			isa = XCSwiftPackageProductDependency;
			package = 2F5E477A2B693ACE002C3E59 /* XCRemoteSwiftPackageReference "AudioKit" */;
			productName = AudioKit;
		};
/* End XCSwiftPackageProductDependency section */
	};
	rootObject = 2F9C05DA2940EB0100CA5CCC /* Project object */;
}
